// !$*UTF8*$!
{
	archiveVersion = 1;
	classes = {
	};
	objectVersion = 47;
	objects = {

/* Begin PBXAggregateTarget section */
		C92EBCB821C105D3002EEFF9 /* SwiftLint */ = {
			isa = PBXAggregateTarget;
			buildConfigurationList = C92EBCB921C105D3002EEFF9 /* Build configuration list for PBXAggregateTarget "SwiftLint" */;
			buildPhases = (
				C92EBCBC21C105DB002EEFF9 /* Run SwiftLint */,
			);
			dependencies = (
			);
			name = SwiftLint;
			productName = SwiftLint;
		};
/* End PBXAggregateTarget section */

/* Begin PBXBuildFile section */
		C90A76DB1AC7AF8A006875B8 /* Base32.framework in Frameworks */ = {isa = PBXBuildFile; fileRef = C90A76D01AC7AF8A006875B8 /* Base32.framework */; };
		C90A76E21AC7AF8A006875B8 /* Base32Tests.swift in Sources */ = {isa = PBXBuildFile; fileRef = C90A76E11AC7AF8A006875B8 /* Base32Tests.swift */; };
		C90A76EC1AC7B286006875B8 /* Alphabet.swift in Sources */ = {isa = PBXBuildFile; fileRef = C90A76EB1AC7B286006875B8 /* Alphabet.swift */; };
		C90A76F01AC7BBB8006875B8 /* Base32.swift in Sources */ = {isa = PBXBuildFile; fileRef = C90A76EF1AC7BBB8006875B8 /* Base32.swift */; };
		C90A76F21AC7CE92006875B8 /* Quintets.swift in Sources */ = {isa = PBXBuildFile; fileRef = C90A76F11AC7CE92006875B8 /* Quintets.swift */; };
		C914E0951CD16456006EC147 /* Base16.framework in Frameworks */ = {isa = PBXBuildFile; fileRef = C914E08B1CD16456006EC147 /* Base16.framework */; };
		C914E0A41CD164BC006EC147 /* Base16.swift in Sources */ = {isa = PBXBuildFile; fileRef = C914E0A31CD164BC006EC147 /* Base16.swift */; };
		C914E0B41CD16904006EC147 /* Base16.framework in Frameworks */ = {isa = PBXBuildFile; fileRef = C914E0AA1CD16904006EC147 /* Base16.framework */; };
		C914E0C21CD16A4C006EC147 /* Base16Tests.swift in Sources */ = {isa = PBXBuildFile; fileRef = C914E0991CD16456006EC147 /* Base16Tests.swift */; };
		C92EBCC021C19B27002EEFF9 /* Alphabet.swift in Sources */ = {isa = PBXBuildFile; fileRef = C92EBCBF21C19B27002EEFF9 /* Alphabet.swift */; };
		C95BCAE81CD1406500FFFAAD /* BlockEncoding.swift in Sources */ = {isa = PBXBuildFile; fileRef = C95BCAE71CD1406500FFFAAD /* BlockEncoding.swift */; };
		C977BB0F1AC89FBA00D2F9E2 /* Base32.framework in Frameworks */ = {isa = PBXBuildFile; fileRef = C977BB041AC89FB900D2F9E2 /* Base32.framework */; };
		C9A1C1A41E4D86E1009E65D6 /* BlockDecoding.swift in Sources */ = {isa = PBXBuildFile; fileRef = C9A1C1A31E4D86E1009E65D6 /* BlockDecoding.swift */; };
		C9E75C731DDD9112007CE06D /* Base16.framework in Frameworks */ = {isa = PBXBuildFile; fileRef = C9E75C6A1DDD9112007CE06D /* Base16.framework */; };
		C9E75C961DDD95B2007CE06D /* Base32.framework in Frameworks */ = {isa = PBXBuildFile; fileRef = C9E75C8D1DDD95B2007CE06D /* Base32.framework */; };
/* End PBXBuildFile section */

/* Begin PBXContainerItemProxy section */
		C90A76DC1AC7AF8A006875B8 /* PBXContainerItemProxy */ = {
			isa = PBXContainerItemProxy;
			containerPortal = C90A76A61AC7AD5A006875B8 /* Project object */;
			proxyType = 1;
			remoteGlobalIDString = C90A76CF1AC7AF8A006875B8;
			remoteInfo = Base32;
		};
		C914E0961CD16456006EC147 /* PBXContainerItemProxy */ = {
			isa = PBXContainerItemProxy;
			containerPortal = C90A76A61AC7AD5A006875B8 /* Project object */;
			proxyType = 1;
			remoteGlobalIDString = C914E08A1CD16456006EC147;
			remoteInfo = Base16;
		};
		C914E0B51CD16904006EC147 /* PBXContainerItemProxy */ = {
			isa = PBXContainerItemProxy;
			containerPortal = C90A76A61AC7AD5A006875B8 /* Project object */;
			proxyType = 1;
			remoteGlobalIDString = C914E0A91CD16904006EC147;
			remoteInfo = Base16;
		};
		C977BB101AC89FBA00D2F9E2 /* PBXContainerItemProxy */ = {
			isa = PBXContainerItemProxy;
			containerPortal = C90A76A61AC7AD5A006875B8 /* Project object */;
			proxyType = 1;
			remoteGlobalIDString = C977BB031AC89FB900D2F9E2;
			remoteInfo = Base32;
		};
		C9E75C741DDD9112007CE06D /* PBXContainerItemProxy */ = {
			isa = PBXContainerItemProxy;
			containerPortal = C90A76A61AC7AD5A006875B8 /* Project object */;
			proxyType = 1;
			remoteGlobalIDString = C9E75C691DDD9112007CE06D;
			remoteInfo = Base16;
		};
		C9E75C971DDD95B2007CE06D /* PBXContainerItemProxy */ = {
			isa = PBXContainerItemProxy;
			containerPortal = C90A76A61AC7AD5A006875B8 /* Project object */;
			proxyType = 1;
			remoteGlobalIDString = C9E75C8C1DDD95B2007CE06D;
			remoteInfo = Base32;
		};
/* End PBXContainerItemProxy section */

/* Begin PBXFileReference section */
		C90A76D01AC7AF8A006875B8 /* Base32.framework */ = {isa = PBXFileReference; explicitFileType = wrapper.framework; includeInIndex = 0; path = Base32.framework; sourceTree = BUILT_PRODUCTS_DIR; };
		C90A76DA1AC7AF8A006875B8 /* Base32Tests.xctest */ = {isa = PBXFileReference; explicitFileType = wrapper.cfbundle; includeInIndex = 0; path = Base32Tests.xctest; sourceTree = BUILT_PRODUCTS_DIR; };
		C90A76E11AC7AF8A006875B8 /* Base32Tests.swift */ = {isa = PBXFileReference; lastKnownFileType = sourcecode.swift; path = Base32Tests.swift; sourceTree = "<group>"; };
		C90A76EB1AC7B286006875B8 /* Alphabet.swift */ = {isa = PBXFileReference; fileEncoding = 4; lastKnownFileType = sourcecode.swift; path = Alphabet.swift; sourceTree = "<group>"; };
		C90A76EF1AC7BBB8006875B8 /* Base32.swift */ = {isa = PBXFileReference; fileEncoding = 4; lastKnownFileType = sourcecode.swift; path = Base32.swift; sourceTree = "<group>"; };
		C90A76F11AC7CE92006875B8 /* Quintets.swift */ = {isa = PBXFileReference; fileEncoding = 4; lastKnownFileType = sourcecode.swift; path = Quintets.swift; sourceTree = "<group>"; };
		C914E08B1CD16456006EC147 /* Base16.framework */ = {isa = PBXFileReference; explicitFileType = wrapper.framework; includeInIndex = 0; path = Base16.framework; sourceTree = BUILT_PRODUCTS_DIR; };
		C914E0941CD16456006EC147 /* Base16Tests.xctest */ = {isa = PBXFileReference; explicitFileType = wrapper.cfbundle; includeInIndex = 0; path = Base16Tests.xctest; sourceTree = BUILT_PRODUCTS_DIR; };
		C914E0991CD16456006EC147 /* Base16Tests.swift */ = {isa = PBXFileReference; lastKnownFileType = sourcecode.swift; path = Base16Tests.swift; sourceTree = "<group>"; };
		C914E0A31CD164BC006EC147 /* Base16.swift */ = {isa = PBXFileReference; fileEncoding = 4; lastKnownFileType = sourcecode.swift; path = Base16.swift; sourceTree = "<group>"; };
		C914E0AA1CD16904006EC147 /* Base16.framework */ = {isa = PBXFileReference; explicitFileType = wrapper.framework; includeInIndex = 0; path = Base16.framework; sourceTree = BUILT_PRODUCTS_DIR; };
		C914E0B31CD16904006EC147 /* Base16Tests.xctest */ = {isa = PBXFileReference; explicitFileType = wrapper.cfbundle; includeInIndex = 0; path = Base16Tests.xctest; sourceTree = BUILT_PRODUCTS_DIR; };
		C92EBCBF21C19B27002EEFF9 /* Alphabet.swift */ = {isa = PBXFileReference; lastKnownFileType = sourcecode.swift; path = Alphabet.swift; sourceTree = "<group>"; };
		C94EAC7C1B38C9910073D43E /* LICENSE.md */ = {isa = PBXFileReference; lastKnownFileType = net.daringfireball.markdown; path = LICENSE.md; sourceTree = "<group>"; };
		C94EAC7E1B38CCBE0073D43E /* README.md */ = {isa = PBXFileReference; lastKnownFileType = net.daringfireball.markdown; path = README.md; sourceTree = "<group>"; };
		C95BCAE71CD1406500FFFAAD /* BlockEncoding.swift */ = {isa = PBXFileReference; fileEncoding = 4; lastKnownFileType = sourcecode.swift; path = BlockEncoding.swift; sourceTree = "<group>"; };
		C977BB041AC89FB900D2F9E2 /* Base32.framework */ = {isa = PBXFileReference; explicitFileType = wrapper.framework; includeInIndex = 0; path = Base32.framework; sourceTree = BUILT_PRODUCTS_DIR; };
		C977BB0E1AC89FBA00D2F9E2 /* Base32Tests.xctest */ = {isa = PBXFileReference; explicitFileType = wrapper.cfbundle; includeInIndex = 0; path = Base32Tests.xctest; sourceTree = BUILT_PRODUCTS_DIR; };
		C9A1C1A31E4D86E1009E65D6 /* BlockDecoding.swift */ = {isa = PBXFileReference; fileEncoding = 4; lastKnownFileType = sourcecode.swift; path = BlockDecoding.swift; sourceTree = "<group>"; };
		C9E75C6A1DDD9112007CE06D /* Base16.framework */ = {isa = PBXFileReference; explicitFileType = wrapper.framework; includeInIndex = 0; path = Base16.framework; sourceTree = BUILT_PRODUCTS_DIR; };
		C9E75C721DDD9112007CE06D /* Base16Tests.xctest */ = {isa = PBXFileReference; explicitFileType = wrapper.cfbundle; includeInIndex = 0; path = Base16Tests.xctest; sourceTree = BUILT_PRODUCTS_DIR; };
		C9E75C8D1DDD95B2007CE06D /* Base32.framework */ = {isa = PBXFileReference; explicitFileType = wrapper.framework; includeInIndex = 0; path = Base32.framework; sourceTree = BUILT_PRODUCTS_DIR; };
		C9E75C951DDD95B2007CE06D /* Base32Tests.xctest */ = {isa = PBXFileReference; explicitFileType = wrapper.cfbundle; includeInIndex = 0; path = Base32Tests.xctest; sourceTree = BUILT_PRODUCTS_DIR; };
		C9E75CAA1DDE7A1F007CE06D /* Base16-iOS.xcconfig */ = {isa = PBXFileReference; lastKnownFileType = text.xcconfig; path = "Base16-iOS.xcconfig"; sourceTree = "<group>"; };
		C9E75CAB1DDE7A1F007CE06D /* Base16-macOS.xcconfig */ = {isa = PBXFileReference; lastKnownFileType = text.xcconfig; path = "Base16-macOS.xcconfig"; sourceTree = "<group>"; };
		C9E75CAC1DDE7A1F007CE06D /* Base16-tvOS.xcconfig */ = {isa = PBXFileReference; lastKnownFileType = text.xcconfig; path = "Base16-tvOS.xcconfig"; sourceTree = "<group>"; };
		C9E75CAD1DDE7A1F007CE06D /* Base16-watchOS.xcconfig */ = {isa = PBXFileReference; lastKnownFileType = text.xcconfig; path = "Base16-watchOS.xcconfig"; sourceTree = "<group>"; };
		C9E75CAE1DDE7A1F007CE06D /* Base16.xcconfig */ = {isa = PBXFileReference; lastKnownFileType = text.xcconfig; path = Base16.xcconfig; sourceTree = "<group>"; };
		C9E75CB01DDE7A1F007CE06D /* Base16Tests-iOS.xcconfig */ = {isa = PBXFileReference; lastKnownFileType = text.xcconfig; path = "Base16Tests-iOS.xcconfig"; sourceTree = "<group>"; };
		C9E75CB11DDE7A1F007CE06D /* Base16Tests-macOS.xcconfig */ = {isa = PBXFileReference; lastKnownFileType = text.xcconfig; path = "Base16Tests-macOS.xcconfig"; sourceTree = "<group>"; };
		C9E75CB21DDE7A1F007CE06D /* Base16Tests-tvOS.xcconfig */ = {isa = PBXFileReference; lastKnownFileType = text.xcconfig; path = "Base16Tests-tvOS.xcconfig"; sourceTree = "<group>"; };
		C9E75CB31DDE7A1F007CE06D /* Base16Tests.xcconfig */ = {isa = PBXFileReference; lastKnownFileType = text.xcconfig; path = Base16Tests.xcconfig; sourceTree = "<group>"; };
		C9E75CB51DDE7A1F007CE06D /* Base32-iOS.xcconfig */ = {isa = PBXFileReference; lastKnownFileType = text.xcconfig; path = "Base32-iOS.xcconfig"; sourceTree = "<group>"; };
		C9E75CB61DDE7A1F007CE06D /* Base32-macOS.xcconfig */ = {isa = PBXFileReference; lastKnownFileType = text.xcconfig; path = "Base32-macOS.xcconfig"; sourceTree = "<group>"; };
		C9E75CB71DDE7A1F007CE06D /* Base32-tvOS.xcconfig */ = {isa = PBXFileReference; lastKnownFileType = text.xcconfig; path = "Base32-tvOS.xcconfig"; sourceTree = "<group>"; };
		C9E75CB81DDE7A1F007CE06D /* Base32-watchOS.xcconfig */ = {isa = PBXFileReference; lastKnownFileType = text.xcconfig; path = "Base32-watchOS.xcconfig"; sourceTree = "<group>"; };
		C9E75CB91DDE7A1F007CE06D /* Base32.xcconfig */ = {isa = PBXFileReference; lastKnownFileType = text.xcconfig; path = Base32.xcconfig; sourceTree = "<group>"; };
		C9E75CBB1DDE7A1F007CE06D /* Base32Tests-iOS.xcconfig */ = {isa = PBXFileReference; lastKnownFileType = text.xcconfig; path = "Base32Tests-iOS.xcconfig"; sourceTree = "<group>"; };
		C9E75CBC1DDE7A1F007CE06D /* Base32Tests-macOS.xcconfig */ = {isa = PBXFileReference; lastKnownFileType = text.xcconfig; path = "Base32Tests-macOS.xcconfig"; sourceTree = "<group>"; };
		C9E75CBD1DDE7A1F007CE06D /* Base32Tests-tvOS.xcconfig */ = {isa = PBXFileReference; lastKnownFileType = text.xcconfig; path = "Base32Tests-tvOS.xcconfig"; sourceTree = "<group>"; };
		C9E75CBE1DDE7A1F007CE06D /* Base32Tests.xcconfig */ = {isa = PBXFileReference; lastKnownFileType = text.xcconfig; path = Base32Tests.xcconfig; sourceTree = "<group>"; };
		C9E75CBF1DDE7A1F007CE06D /* Project-Debug.xcconfig */ = {isa = PBXFileReference; lastKnownFileType = text.xcconfig; path = "Project-Debug.xcconfig"; sourceTree = "<group>"; };
		C9E75CC01DDE7A1F007CE06D /* Project-Release.xcconfig */ = {isa = PBXFileReference; lastKnownFileType = text.xcconfig; path = "Project-Release.xcconfig"; sourceTree = "<group>"; };
		C9E75CC11DDE7A1F007CE06D /* Project.xcconfig */ = {isa = PBXFileReference; lastKnownFileType = text.xcconfig; path = Project.xcconfig; sourceTree = "<group>"; };
		C9E75CC71DDEC87C007CE06D /* Base16.framework */ = {isa = PBXFileReference; explicitFileType = wrapper.framework; includeInIndex = 0; path = Base16.framework; sourceTree = BUILT_PRODUCTS_DIR; };
		C9E75CD51DDF5640007CE06D /* Base32.framework */ = {isa = PBXFileReference; explicitFileType = wrapper.framework; includeInIndex = 0; path = Base32.framework; sourceTree = BUILT_PRODUCTS_DIR; };
/* End PBXFileReference section */

/* Begin PBXFrameworksBuildPhase section */
		C90A76D71AC7AF8A006875B8 /* Frameworks */ = {
			isa = PBXFrameworksBuildPhase;
			buildActionMask = 2147483647;
			files = (
				C90A76DB1AC7AF8A006875B8 /* Base32.framework in Frameworks */,
			);
			runOnlyForDeploymentPostprocessing = 0;
		};
		C914E0911CD16456006EC147 /* Frameworks */ = {
			isa = PBXFrameworksBuildPhase;
			buildActionMask = 2147483647;
			files = (
				C914E0951CD16456006EC147 /* Base16.framework in Frameworks */,
			);
			runOnlyForDeploymentPostprocessing = 0;
		};
		C914E0B01CD16904006EC147 /* Frameworks */ = {
			isa = PBXFrameworksBuildPhase;
			buildActionMask = 2147483647;
			files = (
				C914E0B41CD16904006EC147 /* Base16.framework in Frameworks */,
			);
			runOnlyForDeploymentPostprocessing = 0;
		};
		C977BB0B1AC89FBA00D2F9E2 /* Frameworks */ = {
			isa = PBXFrameworksBuildPhase;
			buildActionMask = 2147483647;
			files = (
				C977BB0F1AC89FBA00D2F9E2 /* Base32.framework in Frameworks */,
			);
			runOnlyForDeploymentPostprocessing = 0;
		};
		C9E75C6F1DDD9112007CE06D /* Frameworks */ = {
			isa = PBXFrameworksBuildPhase;
			buildActionMask = 2147483647;
			files = (
				C9E75C731DDD9112007CE06D /* Base16.framework in Frameworks */,
			);
			runOnlyForDeploymentPostprocessing = 0;
		};
		C9E75C921DDD95B2007CE06D /* Frameworks */ = {
			isa = PBXFrameworksBuildPhase;
			buildActionMask = 2147483647;
			files = (
				C9E75C961DDD95B2007CE06D /* Base32.framework in Frameworks */,
			);
			runOnlyForDeploymentPostprocessing = 0;
		};
/* End PBXFrameworksBuildPhase section */

/* Begin PBXGroup section */
		C90A76A51AC7AD5A006875B8 = {
			isa = PBXGroup;
			children = (
				C98BC9301CD0527A00227CE7 /* Sources */,
				C98BC9311CD053EA00227CE7 /* Tests */,
				C977BAC91AC8953F00D2F9E2 /* Configurations */,
				C90A76B01AC7AD5A006875B8 /* Products */,
				C94EAC7D1B38CB610073D43E /* Docs */,
			);
			indentWidth = 4;
			sourceTree = "<group>";
			usesTabs = 0;
		};
		C90A76B01AC7AD5A006875B8 /* Products */ = {
			isa = PBXGroup;
			children = (
				C914E08B1CD16456006EC147 /* Base16.framework */,
				C914E0AA1CD16904006EC147 /* Base16.framework */,
				C9E75C6A1DDD9112007CE06D /* Base16.framework */,
				C9E75CC71DDEC87C007CE06D /* Base16.framework */,
				C914E0941CD16456006EC147 /* Base16Tests.xctest */,
				C914E0B31CD16904006EC147 /* Base16Tests.xctest */,
				C9E75C721DDD9112007CE06D /* Base16Tests.xctest */,
				C90A76D01AC7AF8A006875B8 /* Base32.framework */,
				C977BB041AC89FB900D2F9E2 /* Base32.framework */,
				C9E75C8D1DDD95B2007CE06D /* Base32.framework */,
				C9E75CD51DDF5640007CE06D /* Base32.framework */,
				C90A76DA1AC7AF8A006875B8 /* Base32Tests.xctest */,
				C977BB0E1AC89FBA00D2F9E2 /* Base32Tests.xctest */,
				C9E75C951DDD95B2007CE06D /* Base32Tests.xctest */,
			);
			name = Products;
			sourceTree = "<group>";
		};
		C90A76D11AC7AF8A006875B8 /* Base32 */ = {
			isa = PBXGroup;
			children = (
				C90A76EF1AC7BBB8006875B8 /* Base32.swift */,
				C95BCAE71CD1406500FFFAAD /* BlockEncoding.swift */,
				C9A1C1A31E4D86E1009E65D6 /* BlockDecoding.swift */,
				C90A76F11AC7CE92006875B8 /* Quintets.swift */,
				C90A76EB1AC7B286006875B8 /* Alphabet.swift */,
			);
			path = Base32;
			sourceTree = "<group>";
		};
		C90A76DE1AC7AF8A006875B8 /* Base32Tests */ = {
			isa = PBXGroup;
			children = (
				C90A76E11AC7AF8A006875B8 /* Base32Tests.swift */,
			);
			path = Base32Tests;
			sourceTree = "<group>";
		};
		C914E0981CD16456006EC147 /* Base16Tests */ = {
			isa = PBXGroup;
			children = (
				C914E0991CD16456006EC147 /* Base16Tests.swift */,
			);
			path = Base16Tests;
			sourceTree = "<group>";
		};
		C914E0A21CD164B2006EC147 /* Base16 */ = {
			isa = PBXGroup;
			children = (
				C914E0A31CD164BC006EC147 /* Base16.swift */,
				C92EBCBF21C19B27002EEFF9 /* Alphabet.swift */,
			);
			path = Base16;
			sourceTree = "<group>";
		};
		C94EAC7D1B38CB610073D43E /* Docs */ = {
			isa = PBXGroup;
			children = (
				C94EAC7E1B38CCBE0073D43E /* README.md */,
				C94EAC7C1B38C9910073D43E /* LICENSE.md */,
			);
			name = Docs;
			sourceTree = "<group>";
		};
		C977BAC91AC8953F00D2F9E2 /* Configurations */ = {
			isa = PBXGroup;
			children = (
				C9E75CC11DDE7A1F007CE06D /* Project.xcconfig */,
				C9E75CBF1DDE7A1F007CE06D /* Project-Debug.xcconfig */,
				C9E75CC01DDE7A1F007CE06D /* Project-Release.xcconfig */,
				C9E75CA91DDE7A1F007CE06D /* Base16 */,
				C9E75CAF1DDE7A1F007CE06D /* Base16Tests */,
				C9E75CB41DDE7A1F007CE06D /* Base32 */,
				C9E75CBA1DDE7A1F007CE06D /* Base32Tests */,
			);
			path = Configurations;
			sourceTree = "<group>";
		};
		C98BC9301CD0527A00227CE7 /* Sources */ = {
			isa = PBXGroup;
			children = (
				C914E0A21CD164B2006EC147 /* Base16 */,
				C90A76D11AC7AF8A006875B8 /* Base32 */,
			);
			path = Sources;
			sourceTree = "<group>";
		};
		C98BC9311CD053EA00227CE7 /* Tests */ = {
			isa = PBXGroup;
			children = (
				C914E0981CD16456006EC147 /* Base16Tests */,
				C90A76DE1AC7AF8A006875B8 /* Base32Tests */,
			);
			path = Tests;
			sourceTree = "<group>";
		};
		C9E75CA91DDE7A1F007CE06D /* Base16 */ = {
			isa = PBXGroup;
			children = (
				C9E75CAE1DDE7A1F007CE06D /* Base16.xcconfig */,
				C9E75CAA1DDE7A1F007CE06D /* Base16-iOS.xcconfig */,
				C9E75CAB1DDE7A1F007CE06D /* Base16-macOS.xcconfig */,
				C9E75CAC1DDE7A1F007CE06D /* Base16-tvOS.xcconfig */,
				C9E75CAD1DDE7A1F007CE06D /* Base16-watchOS.xcconfig */,
			);
			path = Base16;
			sourceTree = "<group>";
		};
		C9E75CAF1DDE7A1F007CE06D /* Base16Tests */ = {
			isa = PBXGroup;
			children = (
				C9E75CB31DDE7A1F007CE06D /* Base16Tests.xcconfig */,
				C9E75CB01DDE7A1F007CE06D /* Base16Tests-iOS.xcconfig */,
				C9E75CB11DDE7A1F007CE06D /* Base16Tests-macOS.xcconfig */,
				C9E75CB21DDE7A1F007CE06D /* Base16Tests-tvOS.xcconfig */,
			);
			path = Base16Tests;
			sourceTree = "<group>";
		};
		C9E75CB41DDE7A1F007CE06D /* Base32 */ = {
			isa = PBXGroup;
			children = (
				C9E75CB91DDE7A1F007CE06D /* Base32.xcconfig */,
				C9E75CB51DDE7A1F007CE06D /* Base32-iOS.xcconfig */,
				C9E75CB61DDE7A1F007CE06D /* Base32-macOS.xcconfig */,
				C9E75CB71DDE7A1F007CE06D /* Base32-tvOS.xcconfig */,
				C9E75CB81DDE7A1F007CE06D /* Base32-watchOS.xcconfig */,
			);
			path = Base32;
			sourceTree = "<group>";
		};
		C9E75CBA1DDE7A1F007CE06D /* Base32Tests */ = {
			isa = PBXGroup;
			children = (
				C9E75CBE1DDE7A1F007CE06D /* Base32Tests.xcconfig */,
				C9E75CBB1DDE7A1F007CE06D /* Base32Tests-iOS.xcconfig */,
				C9E75CBC1DDE7A1F007CE06D /* Base32Tests-macOS.xcconfig */,
				C9E75CBD1DDE7A1F007CE06D /* Base32Tests-tvOS.xcconfig */,
			);
			path = Base32Tests;
			sourceTree = "<group>";
		};
/* End PBXGroup section */

/* Begin PBXNativeTarget section */
		C90A76CF1AC7AF8A006875B8 /* Base32 (iOS) */ = {
			isa = PBXNativeTarget;
			buildConfigurationList = C90A76E31AC7AF8A006875B8 /* Build configuration list for PBXNativeTarget "Base32 (iOS)" */;
			buildPhases = (
				C90A76CB1AC7AF8A006875B8 /* Sources */,
			);
			buildRules = (
			);
			dependencies = (
			);
			name = "Base32 (iOS)";
			productName = Base32;
			productReference = C90A76D01AC7AF8A006875B8 /* Base32.framework */;
			productType = "com.apple.product-type.framework";
		};
		C90A76D91AC7AF8A006875B8 /* Base32Tests (iOS) */ = {
			isa = PBXNativeTarget;
			buildConfigurationList = C90A76E61AC7AF8A006875B8 /* Build configuration list for PBXNativeTarget "Base32Tests (iOS)" */;
			buildPhases = (
				C90A76D61AC7AF8A006875B8 /* Sources */,
				C90A76D71AC7AF8A006875B8 /* Frameworks */,
			);
			buildRules = (
			);
			dependencies = (
				C90A76DD1AC7AF8A006875B8 /* PBXTargetDependency */,
			);
			name = "Base32Tests (iOS)";
			productName = Base32Tests;
			productReference = C90A76DA1AC7AF8A006875B8 /* Base32Tests.xctest */;
			productType = "com.apple.product-type.bundle.unit-test";
		};
		C914E08A1CD16456006EC147 /* Base16 (iOS) */ = {
			isa = PBXNativeTarget;
			buildConfigurationList = C914E09C1CD16456006EC147 /* Build configuration list for PBXNativeTarget "Base16 (iOS)" */;
			buildPhases = (
				C914E0861CD16456006EC147 /* Sources */,
			);
			buildRules = (
			);
			dependencies = (
			);
			name = "Base16 (iOS)";
			productName = Base16;
			productReference = C914E08B1CD16456006EC147 /* Base16.framework */;
			productType = "com.apple.product-type.framework";
		};
		C914E0931CD16456006EC147 /* Base16Tests (iOS) */ = {
			isa = PBXNativeTarget;
			buildConfigurationList = C914E09F1CD16456006EC147 /* Build configuration list for PBXNativeTarget "Base16Tests (iOS)" */;
			buildPhases = (
				C914E0901CD16456006EC147 /* Sources */,
				C914E0911CD16456006EC147 /* Frameworks */,
			);
			buildRules = (
			);
			dependencies = (
				C914E0971CD16456006EC147 /* PBXTargetDependency */,
			);
			name = "Base16Tests (iOS)";
			productName = Base16Tests;
			productReference = C914E0941CD16456006EC147 /* Base16Tests.xctest */;
			productType = "com.apple.product-type.bundle.unit-test";
		};
		C914E0A91CD16904006EC147 /* Base16 (macOS) */ = {
			isa = PBXNativeTarget;
			buildConfigurationList = C914E0BB1CD16904006EC147 /* Build configuration list for PBXNativeTarget "Base16 (macOS)" */;
			buildPhases = (
				C914E0861CD16456006EC147 /* Sources */,
			);
			buildRules = (
			);
			dependencies = (
			);
			name = "Base16 (macOS)";
			productName = Base16;
			productReference = C914E0AA1CD16904006EC147 /* Base16.framework */;
			productType = "com.apple.product-type.framework";
		};
		C914E0B21CD16904006EC147 /* Base16Tests (macOS) */ = {
			isa = PBXNativeTarget;
			buildConfigurationList = C914E0BE1CD16904006EC147 /* Build configuration list for PBXNativeTarget "Base16Tests (macOS)" */;
			buildPhases = (
				C914E0901CD16456006EC147 /* Sources */,
				C914E0B01CD16904006EC147 /* Frameworks */,
			);
			buildRules = (
			);
			dependencies = (
				C914E0B61CD16904006EC147 /* PBXTargetDependency */,
			);
			name = "Base16Tests (macOS)";
			productName = Base16Tests;
			productReference = C914E0B31CD16904006EC147 /* Base16Tests.xctest */;
			productType = "com.apple.product-type.bundle.unit-test";
		};
		C977BB031AC89FB900D2F9E2 /* Base32 (macOS) */ = {
			isa = PBXNativeTarget;
			buildConfigurationList = C977BB171AC89FBA00D2F9E2 /* Build configuration list for PBXNativeTarget "Base32 (macOS)" */;
			buildPhases = (
				C90A76CB1AC7AF8A006875B8 /* Sources */,
			);
			buildRules = (
			);
			dependencies = (
			);
			name = "Base32 (macOS)";
			productName = Base32;
			productReference = C977BB041AC89FB900D2F9E2 /* Base32.framework */;
			productType = "com.apple.product-type.framework";
		};
		C977BB0D1AC89FBA00D2F9E2 /* Base32Tests (macOS) */ = {
			isa = PBXNativeTarget;
			buildConfigurationList = C977BB1A1AC89FBA00D2F9E2 /* Build configuration list for PBXNativeTarget "Base32Tests (macOS)" */;
			buildPhases = (
				C90A76D61AC7AF8A006875B8 /* Sources */,
				C977BB0B1AC89FBA00D2F9E2 /* Frameworks */,
			);
			buildRules = (
			);
			dependencies = (
				C977BB111AC89FBA00D2F9E2 /* PBXTargetDependency */,
			);
			name = "Base32Tests (macOS)";
			productName = Base32Tests;
			productReference = C977BB0E1AC89FBA00D2F9E2 /* Base32Tests.xctest */;
			productType = "com.apple.product-type.bundle.unit-test";
		};
		C9E75C691DDD9112007CE06D /* Base16 (tvOS) */ = {
			isa = PBXNativeTarget;
			buildConfigurationList = C9E75C7F1DDD9112007CE06D /* Build configuration list for PBXNativeTarget "Base16 (tvOS)" */;
			buildPhases = (
				C914E0861CD16456006EC147 /* Sources */,
			);
			buildRules = (
			);
			dependencies = (
			);
			name = "Base16 (tvOS)";
			productName = Base16;
			productReference = C9E75C6A1DDD9112007CE06D /* Base16.framework */;
			productType = "com.apple.product-type.framework";
		};
		C9E75C711DDD9112007CE06D /* Base16Tests (tvOS) */ = {
			isa = PBXNativeTarget;
			buildConfigurationList = C9E75C801DDD9112007CE06D /* Build configuration list for PBXNativeTarget "Base16Tests (tvOS)" */;
			buildPhases = (
				C914E0901CD16456006EC147 /* Sources */,
				C9E75C6F1DDD9112007CE06D /* Frameworks */,
			);
			buildRules = (
			);
			dependencies = (
				C9E75C751DDD9112007CE06D /* PBXTargetDependency */,
			);
			name = "Base16Tests (tvOS)";
			productName = Base16Tests;
			productReference = C9E75C721DDD9112007CE06D /* Base16Tests.xctest */;
			productType = "com.apple.product-type.bundle.unit-test";
		};
		C9E75C8C1DDD95B2007CE06D /* Base32 (tvOS) */ = {
			isa = PBXNativeTarget;
			buildConfigurationList = C9E75CA21DDD95B2007CE06D /* Build configuration list for PBXNativeTarget "Base32 (tvOS)" */;
			buildPhases = (
				C90A76CB1AC7AF8A006875B8 /* Sources */,
			);
			buildRules = (
			);
			dependencies = (
			);
			name = "Base32 (tvOS)";
			productName = Base32;
			productReference = C9E75C8D1DDD95B2007CE06D /* Base32.framework */;
			productType = "com.apple.product-type.framework";
		};
		C9E75C941DDD95B2007CE06D /* Base32Tests (tvOS) */ = {
			isa = PBXNativeTarget;
			buildConfigurationList = C9E75CA31DDD95B2007CE06D /* Build configuration list for PBXNativeTarget "Base32Tests (tvOS)" */;
			buildPhases = (
				C90A76D61AC7AF8A006875B8 /* Sources */,
				C9E75C921DDD95B2007CE06D /* Frameworks */,
			);
			buildRules = (
			);
			dependencies = (
				C9E75C981DDD95B2007CE06D /* PBXTargetDependency */,
			);
			name = "Base32Tests (tvOS)";
			productName = Base32Tests;
			productReference = C9E75C951DDD95B2007CE06D /* Base32Tests.xctest */;
			productType = "com.apple.product-type.bundle.unit-test";
		};
		C9E75CC61DDEC87C007CE06D /* Base16 (watchOS) */ = {
			isa = PBXNativeTarget;
			buildConfigurationList = C9E75CCC1DDEC87C007CE06D /* Build configuration list for PBXNativeTarget "Base16 (watchOS)" */;
			buildPhases = (
				C914E0861CD16456006EC147 /* Sources */,
			);
			buildRules = (
			);
			dependencies = (
			);
			name = "Base16 (watchOS)";
			productName = Base16;
			productReference = C9E75CC71DDEC87C007CE06D /* Base16.framework */;
			productType = "com.apple.product-type.framework";
		};
		C9E75CD41DDF5640007CE06D /* Base32 (watchOS) */ = {
			isa = PBXNativeTarget;
			buildConfigurationList = C9E75CDC1DDF5640007CE06D /* Build configuration list for PBXNativeTarget "Base32 (watchOS)" */;
			buildPhases = (
				C90A76CB1AC7AF8A006875B8 /* Sources */,
			);
			buildRules = (
			);
			dependencies = (
			);
			name = "Base32 (watchOS)";
			productName = Base32;
			productReference = C9E75CD51DDF5640007CE06D /* Base32.framework */;
			productType = "com.apple.product-type.framework";
		};
/* End PBXNativeTarget section */

/* Begin PBXProject section */
		C90A76A61AC7AD5A006875B8 /* Project object */ = {
			isa = PBXProject;
			attributes = {
				LastSwiftUpdateCheck = 0810;
				LastUpgradeCheck = 1340;
				ORGANIZATIONNAME = "Matt Rubin";
				TargetAttributes = {
					C90A76CF1AC7AF8A006875B8 = {
						CreatedOnToolsVersion = 6.3;
						LastSwiftMigration = 1020;
					};
					C90A76D91AC7AF8A006875B8 = {
						CreatedOnToolsVersion = 6.3;
						LastSwiftMigration = 1020;
					};
					C914E08A1CD16456006EC147 = {
						CreatedOnToolsVersion = 7.3;
						LastSwiftMigration = 1020;
					};
					C914E0931CD16456006EC147 = {
						CreatedOnToolsVersion = 7.3;
						LastSwiftMigration = 1020;
					};
					C914E0A91CD16904006EC147 = {
						CreatedOnToolsVersion = 7.3;
						LastSwiftMigration = 1020;
					};
					C914E0B21CD16904006EC147 = {
						CreatedOnToolsVersion = 7.3;
						LastSwiftMigration = 1020;
					};
					C92EBCB821C105D3002EEFF9 = {
						CreatedOnToolsVersion = 10.1;
					};
					C977BB031AC89FB900D2F9E2 = {
						CreatedOnToolsVersion = 6.3;
						LastSwiftMigration = 1020;
					};
					C977BB0D1AC89FBA00D2F9E2 = {
						CreatedOnToolsVersion = 6.3;
						LastSwiftMigration = 1020;
					};
					C9E75C691DDD9112007CE06D = {
						CreatedOnToolsVersion = 8.1;
						LastSwiftMigration = 1020;
						ProvisioningStyle = Manual;
					};
					C9E75C711DDD9112007CE06D = {
						CreatedOnToolsVersion = 8.1;
						LastSwiftMigration = 1020;
						ProvisioningStyle = Manual;
					};
					C9E75C8C1DDD95B2007CE06D = {
						CreatedOnToolsVersion = 8.1;
						LastSwiftMigration = 1020;
						ProvisioningStyle = Manual;
					};
					C9E75C941DDD95B2007CE06D = {
						CreatedOnToolsVersion = 8.1;
						LastSwiftMigration = 1020;
						ProvisioningStyle = Manual;
					};
					C9E75CC61DDEC87C007CE06D = {
						CreatedOnToolsVersion = 8.1;
						LastSwiftMigration = 1020;
						ProvisioningStyle = Manual;
					};
					C9E75CD41DDF5640007CE06D = {
						CreatedOnToolsVersion = 8.1;
						LastSwiftMigration = 1020;
						ProvisioningStyle = Manual;
					};
				};
			};
			buildConfigurationList = C90A76A91AC7AD5A006875B8 /* Build configuration list for PBXProject "Bases" */;
			compatibilityVersion = "Xcode 6.3";
			developmentRegion = en;
			hasScannedForEncodings = 0;
			knownRegions = (
				en,
				Base,
			);
			mainGroup = C90A76A51AC7AD5A006875B8;
			productRefGroup = C90A76B01AC7AD5A006875B8 /* Products */;
			projectDirPath = "";
			projectRoot = "";
			targets = (
				C914E08A1CD16456006EC147 /* Base16 (iOS) */,
				C914E0A91CD16904006EC147 /* Base16 (macOS) */,
				C9E75C691DDD9112007CE06D /* Base16 (tvOS) */,
				C9E75CC61DDEC87C007CE06D /* Base16 (watchOS) */,
				C914E0931CD16456006EC147 /* Base16Tests (iOS) */,
				C914E0B21CD16904006EC147 /* Base16Tests (macOS) */,
				C9E75C711DDD9112007CE06D /* Base16Tests (tvOS) */,
				C90A76CF1AC7AF8A006875B8 /* Base32 (iOS) */,
				C977BB031AC89FB900D2F9E2 /* Base32 (macOS) */,
				C9E75C8C1DDD95B2007CE06D /* Base32 (tvOS) */,
				C9E75CD41DDF5640007CE06D /* Base32 (watchOS) */,
				C90A76D91AC7AF8A006875B8 /* Base32Tests (iOS) */,
				C977BB0D1AC89FBA00D2F9E2 /* Base32Tests (macOS) */,
				C9E75C941DDD95B2007CE06D /* Base32Tests (tvOS) */,
				C92EBCB821C105D3002EEFF9 /* SwiftLint */,
			);
		};
/* End PBXProject section */

/* Begin PBXShellScriptBuildPhase section */
		C92EBCBC21C105DB002EEFF9 /* Run SwiftLint */ = {
			isa = PBXShellScriptBuildPhase;
			buildActionMask = 2147483647;
			files = (
			);
			inputFileListPaths = (
			);
			inputPaths = (
			);
			name = "Run SwiftLint";
			outputFileListPaths = (
			);
			outputPaths = (
			);
			runOnlyForDeploymentPostprocessing = 0;
			shellPath = /bin/sh;
			shellScript = "if which swiftlint >/dev/null; then\n  swiftlint\nelse\n  echo \"warning: SwiftLint is not installed. (https://github.com/realm/SwiftLint)\"\nfi\n";
		};
/* End PBXShellScriptBuildPhase section */

/* Begin PBXSourcesBuildPhase section */
		C90A76CB1AC7AF8A006875B8 /* Sources */ = {
			isa = PBXSourcesBuildPhase;
			buildActionMask = 2147483647;
			files = (
				C95BCAE81CD1406500FFFAAD /* BlockEncoding.swift in Sources */,
				C90A76EC1AC7B286006875B8 /* Alphabet.swift in Sources */,
				C90A76F21AC7CE92006875B8 /* Quintets.swift in Sources */,
				C9A1C1A41E4D86E1009E65D6 /* BlockDecoding.swift in Sources */,
				C90A76F01AC7BBB8006875B8 /* Base32.swift in Sources */,
			);
			runOnlyForDeploymentPostprocessing = 0;
		};
		C90A76D61AC7AF8A006875B8 /* Sources */ = {
			isa = PBXSourcesBuildPhase;
			buildActionMask = 2147483647;
			files = (
				C90A76E21AC7AF8A006875B8 /* Base32Tests.swift in Sources */,
			);
			runOnlyForDeploymentPostprocessing = 0;
		};
		C914E0861CD16456006EC147 /* Sources */ = {
			isa = PBXSourcesBuildPhase;
			buildActionMask = 2147483647;
			files = (
				C92EBCC021C19B27002EEFF9 /* Alphabet.swift in Sources */,
				C914E0A41CD164BC006EC147 /* Base16.swift in Sources */,
			);
			runOnlyForDeploymentPostprocessing = 0;
		};
		C914E0901CD16456006EC147 /* Sources */ = {
			isa = PBXSourcesBuildPhase;
			buildActionMask = 2147483647;
			files = (
				C914E0C21CD16A4C006EC147 /* Base16Tests.swift in Sources */,
			);
			runOnlyForDeploymentPostprocessing = 0;
		};
/* End PBXSourcesBuildPhase section */

/* Begin PBXTargetDependency section */
		C90A76DD1AC7AF8A006875B8 /* PBXTargetDependency */ = {
			isa = PBXTargetDependency;
			target = C90A76CF1AC7AF8A006875B8 /* Base32 (iOS) */;
			targetProxy = C90A76DC1AC7AF8A006875B8 /* PBXContainerItemProxy */;
		};
		C914E0971CD16456006EC147 /* PBXTargetDependency */ = {
			isa = PBXTargetDependency;
			target = C914E08A1CD16456006EC147 /* Base16 (iOS) */;
			targetProxy = C914E0961CD16456006EC147 /* PBXContainerItemProxy */;
		};
		C914E0B61CD16904006EC147 /* PBXTargetDependency */ = {
			isa = PBXTargetDependency;
			target = C914E0A91CD16904006EC147 /* Base16 (macOS) */;
			targetProxy = C914E0B51CD16904006EC147 /* PBXContainerItemProxy */;
		};
		C977BB111AC89FBA00D2F9E2 /* PBXTargetDependency */ = {
			isa = PBXTargetDependency;
			target = C977BB031AC89FB900D2F9E2 /* Base32 (macOS) */;
			targetProxy = C977BB101AC89FBA00D2F9E2 /* PBXContainerItemProxy */;
		};
		C9E75C751DDD9112007CE06D /* PBXTargetDependency */ = {
			isa = PBXTargetDependency;
			target = C9E75C691DDD9112007CE06D /* Base16 (tvOS) */;
			targetProxy = C9E75C741DDD9112007CE06D /* PBXContainerItemProxy */;
		};
		C9E75C981DDD95B2007CE06D /* PBXTargetDependency */ = {
			isa = PBXTargetDependency;
			target = C9E75C8C1DDD95B2007CE06D /* Base32 (tvOS) */;
			targetProxy = C9E75C971DDD95B2007CE06D /* PBXContainerItemProxy */;
		};
/* End PBXTargetDependency section */

/* Begin XCBuildConfiguration section */
		C90A76C31AC7AD5A006875B8 /* Debug */ = {
			isa = XCBuildConfiguration;
			baseConfigurationReference = C9E75CBF1DDE7A1F007CE06D /* Project-Debug.xcconfig */;
			buildSettings = {
				CURRENT_PROJECT_VERSION = 1;
			};
			name = Debug;
		};
		C90A76C41AC7AD5A006875B8 /* Release */ = {
			isa = XCBuildConfiguration;
			baseConfigurationReference = C9E75CC01DDE7A1F007CE06D /* Project-Release.xcconfig */;
			buildSettings = {
				CURRENT_PROJECT_VERSION = 1;
			};
			name = Release;
		};
		C90A76E41AC7AF8A006875B8 /* Debug */ = {
			isa = XCBuildConfiguration;
			baseConfigurationReference = C9E75CB51DDE7A1F007CE06D /* Base32-iOS.xcconfig */;
			buildSettings = {
			};
			name = Debug;
		};
		C90A76E51AC7AF8A006875B8 /* Release */ = {
			isa = XCBuildConfiguration;
			baseConfigurationReference = C9E75CB51DDE7A1F007CE06D /* Base32-iOS.xcconfig */;
			buildSettings = {
			};
			name = Release;
		};
		C90A76E71AC7AF8A006875B8 /* Debug */ = {
			isa = XCBuildConfiguration;
			baseConfigurationReference = C9E75CBB1DDE7A1F007CE06D /* Base32Tests-iOS.xcconfig */;
			buildSettings = {
			};
			name = Debug;
		};
		C90A76E81AC7AF8A006875B8 /* Release */ = {
			isa = XCBuildConfiguration;
			baseConfigurationReference = C9E75CBB1DDE7A1F007CE06D /* Base32Tests-iOS.xcconfig */;
			buildSettings = {
			};
			name = Release;
		};
		C914E09D1CD16456006EC147 /* Debug */ = {
			isa = XCBuildConfiguration;
			baseConfigurationReference = C9E75CAA1DDE7A1F007CE06D /* Base16-iOS.xcconfig */;
			buildSettings = {
			};
			name = Debug;
		};
		C914E09E1CD16456006EC147 /* Release */ = {
			isa = XCBuildConfiguration;
			baseConfigurationReference = C9E75CAA1DDE7A1F007CE06D /* Base16-iOS.xcconfig */;
			buildSettings = {
			};
			name = Release;
		};
		C914E0A01CD16456006EC147 /* Debug */ = {
			isa = XCBuildConfiguration;
			baseConfigurationReference = C9E75CB01DDE7A1F007CE06D /* Base16Tests-iOS.xcconfig */;
			buildSettings = {
			};
			name = Debug;
		};
		C914E0A11CD16456006EC147 /* Release */ = {
			isa = XCBuildConfiguration;
			baseConfigurationReference = C9E75CB01DDE7A1F007CE06D /* Base16Tests-iOS.xcconfig */;
			buildSettings = {
			};
			name = Release;
		};
		C914E0BC1CD16904006EC147 /* Debug */ = {
			isa = XCBuildConfiguration;
			baseConfigurationReference = C9E75CAB1DDE7A1F007CE06D /* Base16-macOS.xcconfig */;
			buildSettings = {
			};
			name = Debug;
		};
		C914E0BD1CD16904006EC147 /* Release */ = {
			isa = XCBuildConfiguration;
			baseConfigurationReference = C9E75CAB1DDE7A1F007CE06D /* Base16-macOS.xcconfig */;
			buildSettings = {
			};
			name = Release;
		};
		C914E0BF1CD16904006EC147 /* Debug */ = {
			isa = XCBuildConfiguration;
			baseConfigurationReference = C9E75CB11DDE7A1F007CE06D /* Base16Tests-macOS.xcconfig */;
			buildSettings = {
			};
			name = Debug;
		};
		C914E0C01CD16904006EC147 /* Release */ = {
			isa = XCBuildConfiguration;
			baseConfigurationReference = C9E75CB11DDE7A1F007CE06D /* Base16Tests-macOS.xcconfig */;
			buildSettings = {
			};
			name = Release;
		};
		C92EBCBA21C105D3002EEFF9 /* Debug */ = {
			isa = XCBuildConfiguration;
			buildSettings = {
				PRODUCT_NAME = "$(TARGET_NAME)";
			};
			name = Debug;
		};
		C92EBCBB21C105D3002EEFF9 /* Release */ = {
			isa = XCBuildConfiguration;
			buildSettings = {
				PRODUCT_NAME = "$(TARGET_NAME)";
			};
			name = Release;
		};
		C977BB181AC89FBA00D2F9E2 /* Debug */ = {
			isa = XCBuildConfiguration;
			baseConfigurationReference = C9E75CB61DDE7A1F007CE06D /* Base32-macOS.xcconfig */;
			buildSettings = {
			};
			name = Debug;
		};
		C977BB191AC89FBA00D2F9E2 /* Release */ = {
			isa = XCBuildConfiguration;
			baseConfigurationReference = C9E75CB61DDE7A1F007CE06D /* Base32-macOS.xcconfig */;
			buildSettings = {
			};
			name = Release;
		};
		C977BB1B1AC89FBA00D2F9E2 /* Debug */ = {
			isa = XCBuildConfiguration;
			baseConfigurationReference = C9E75CBC1DDE7A1F007CE06D /* Base32Tests-macOS.xcconfig */;
			buildSettings = {
			};
			name = Debug;
		};
		C977BB1C1AC89FBA00D2F9E2 /* Release */ = {
			isa = XCBuildConfiguration;
			baseConfigurationReference = C9E75CBC1DDE7A1F007CE06D /* Base32Tests-macOS.xcconfig */;
			buildSettings = {
			};
			name = Release;
		};
		C9E75C7B1DDD9112007CE06D /* Debug */ = {
			isa = XCBuildConfiguration;
			baseConfigurationReference = C9E75CAC1DDE7A1F007CE06D /* Base16-tvOS.xcconfig */;
			buildSettings = {
			};
			name = Debug;
		};
		C9E75C7C1DDD9112007CE06D /* Release */ = {
			isa = XCBuildConfiguration;
			baseConfigurationReference = C9E75CAC1DDE7A1F007CE06D /* Base16-tvOS.xcconfig */;
			buildSettings = {
			};
			name = Release;
		};
		C9E75C7D1DDD9112007CE06D /* Debug */ = {
			isa = XCBuildConfiguration;
			baseConfigurationReference = C9E75CB21DDE7A1F007CE06D /* Base16Tests-tvOS.xcconfig */;
			buildSettings = {
			};
			name = Debug;
		};
		C9E75C7E1DDD9112007CE06D /* Release */ = {
			isa = XCBuildConfiguration;
			baseConfigurationReference = C9E75CB21DDE7A1F007CE06D /* Base16Tests-tvOS.xcconfig */;
			buildSettings = {
			};
			name = Release;
		};
		C9E75C9E1DDD95B2007CE06D /* Debug */ = {
			isa = XCBuildConfiguration;
			baseConfigurationReference = C9E75CB71DDE7A1F007CE06D /* Base32-tvOS.xcconfig */;
			buildSettings = {
			};
			name = Debug;
		};
		C9E75C9F1DDD95B2007CE06D /* Release */ = {
			isa = XCBuildConfiguration;
			baseConfigurationReference = C9E75CB71DDE7A1F007CE06D /* Base32-tvOS.xcconfig */;
			buildSettings = {
			};
			name = Release;
		};
		C9E75CA01DDD95B2007CE06D /* Debug */ = {
			isa = XCBuildConfiguration;
			baseConfigurationReference = C9E75CBD1DDE7A1F007CE06D /* Base32Tests-tvOS.xcconfig */;
			buildSettings = {
			};
			name = Debug;
		};
		C9E75CA11DDD95B2007CE06D /* Release */ = {
			isa = XCBuildConfiguration;
			baseConfigurationReference = C9E75CBD1DDE7A1F007CE06D /* Base32Tests-tvOS.xcconfig */;
			buildSettings = {
			};
			name = Release;
		};
		C9E75CCD1DDEC87C007CE06D /* Debug */ = {
			isa = XCBuildConfiguration;
			baseConfigurationReference = C9E75CAD1DDE7A1F007CE06D /* Base16-watchOS.xcconfig */;
			buildSettings = {
			};
			name = Debug;
		};
		C9E75CCE1DDEC87C007CE06D /* Release */ = {
			isa = XCBuildConfiguration;
			baseConfigurationReference = C9E75CAD1DDE7A1F007CE06D /* Base16-watchOS.xcconfig */;
			buildSettings = {
			};
			name = Release;
		};
		C9E75CDA1DDF5640007CE06D /* Debug */ = {
			isa = XCBuildConfiguration;
			baseConfigurationReference = C9E75CB81DDE7A1F007CE06D /* Base32-watchOS.xcconfig */;
			buildSettings = {
			};
			name = Debug;
		};
		C9E75CDB1DDF5640007CE06D /* Release */ = {
			isa = XCBuildConfiguration;
			baseConfigurationReference = C9E75CB81DDE7A1F007CE06D /* Base32-watchOS.xcconfig */;
			buildSettings = {
			};
			name = Release;
		};
/* End XCBuildConfiguration section */

/* Begin XCConfigurationList section */
		C90A76A91AC7AD5A006875B8 /* Build configuration list for PBXProject "Bases" */ = {
			isa = XCConfigurationList;
			buildConfigurations = (
				C90A76C31AC7AD5A006875B8 /* Debug */,
				C90A76C41AC7AD5A006875B8 /* Release */,
			);
			defaultConfigurationIsVisible = 0;
			defaultConfigurationName = Release;
		};
		C90A76E31AC7AF8A006875B8 /* Build configuration list for PBXNativeTarget "Base32 (iOS)" */ = {
			isa = XCConfigurationList;
			buildConfigurations = (
				C90A76E41AC7AF8A006875B8 /* Debug */,
				C90A76E51AC7AF8A006875B8 /* Release */,
			);
			defaultConfigurationIsVisible = 0;
			defaultConfigurationName = Release;
		};
		C90A76E61AC7AF8A006875B8 /* Build configuration list for PBXNativeTarget "Base32Tests (iOS)" */ = {
			isa = XCConfigurationList;
			buildConfigurations = (
				C90A76E71AC7AF8A006875B8 /* Debug */,
				C90A76E81AC7AF8A006875B8 /* Release */,
			);
			defaultConfigurationIsVisible = 0;
			defaultConfigurationName = Release;
		};
		C914E09C1CD16456006EC147 /* Build configuration list for PBXNativeTarget "Base16 (iOS)" */ = {
			isa = XCConfigurationList;
			buildConfigurations = (
				C914E09D1CD16456006EC147 /* Debug */,
				C914E09E1CD16456006EC147 /* Release */,
			);
			defaultConfigurationIsVisible = 0;
			defaultConfigurationName = Release;
		};
		C914E09F1CD16456006EC147 /* Build configuration list for PBXNativeTarget "Base16Tests (iOS)" */ = {
			isa = XCConfigurationList;
			buildConfigurations = (
				C914E0A01CD16456006EC147 /* Debug */,
				C914E0A11CD16456006EC147 /* Release */,
			);
			defaultConfigurationIsVisible = 0;
			defaultConfigurationName = Release;
		};
		C914E0BB1CD16904006EC147 /* Build configuration list for PBXNativeTarget "Base16 (macOS)" */ = {
			isa = XCConfigurationList;
			buildConfigurations = (
				C914E0BC1CD16904006EC147 /* Debug */,
				C914E0BD1CD16904006EC147 /* Release */,
			);
			defaultConfigurationIsVisible = 0;
			defaultConfigurationName = Release;
		};
		C914E0BE1CD16904006EC147 /* Build configuration list for PBXNativeTarget "Base16Tests (macOS)" */ = {
			isa = XCConfigurationList;
			buildConfigurations = (
				C914E0BF1CD16904006EC147 /* Debug */,
				C914E0C01CD16904006EC147 /* Release */,
			);
			defaultConfigurationIsVisible = 0;
			defaultConfigurationName = Release;
		};
		C92EBCB921C105D3002EEFF9 /* Build configuration list for PBXAggregateTarget "SwiftLint" */ = {
			isa = XCConfigurationList;
			buildConfigurations = (
				C92EBCBA21C105D3002EEFF9 /* Debug */,
				C92EBCBB21C105D3002EEFF9 /* Release */,
			);
			defaultConfigurationIsVisible = 0;
			defaultConfigurationName = Release;
		};
		C977BB171AC89FBA00D2F9E2 /* Build configuration list for PBXNativeTarget "Base32 (macOS)" */ = {
			isa = XCConfigurationList;
			buildConfigurations = (
				C977BB181AC89FBA00D2F9E2 /* Debug */,
				C977BB191AC89FBA00D2F9E2 /* Release */,
			);
			defaultConfigurationIsVisible = 0;
			defaultConfigurationName = Release;
		};
		C977BB1A1AC89FBA00D2F9E2 /* Build configuration list for PBXNativeTarget "Base32Tests (macOS)" */ = {
			isa = XCConfigurationList;
			buildConfigurations = (
				C977BB1B1AC89FBA00D2F9E2 /* Debug */,
				C977BB1C1AC89FBA00D2F9E2 /* Release */,
			);
			defaultConfigurationIsVisible = 0;
			defaultConfigurationName = Release;
		};
		C9E75C7F1DDD9112007CE06D /* Build configuration list for PBXNativeTarget "Base16 (tvOS)" */ = {
			isa = XCConfigurationList;
			buildConfigurations = (
				C9E75C7B1DDD9112007CE06D /* Debug */,
				C9E75C7C1DDD9112007CE06D /* Release */,
			);
			defaultConfigurationIsVisible = 0;
			defaultConfigurationName = Release;
		};
		C9E75C801DDD9112007CE06D /* Build configuration list for PBXNativeTarget "Base16Tests (tvOS)" */ = {
			isa = XCConfigurationList;
			buildConfigurations = (
				C9E75C7D1DDD9112007CE06D /* Debug */,
				C9E75C7E1DDD9112007CE06D /* Release */,
			);
			defaultConfigurationIsVisible = 0;
			defaultConfigurationName = Release;
		};
		C9E75CA21DDD95B2007CE06D /* Build configuration list for PBXNativeTarget "Base32 (tvOS)" */ = {
			isa = XCConfigurationList;
			buildConfigurations = (
				C9E75C9E1DDD95B2007CE06D /* Debug */,
				C9E75C9F1DDD95B2007CE06D /* Release */,
			);
			defaultConfigurationIsVisible = 0;
			defaultConfigurationName = Release;
		};
		C9E75CA31DDD95B2007CE06D /* Build configuration list for PBXNativeTarget "Base32Tests (tvOS)" */ = {
			isa = XCConfigurationList;
			buildConfigurations = (
				C9E75CA01DDD95B2007CE06D /* Debug */,
				C9E75CA11DDD95B2007CE06D /* Release */,
			);
			defaultConfigurationIsVisible = 0;
			defaultConfigurationName = Release;
		};
		C9E75CCC1DDEC87C007CE06D /* Build configuration list for PBXNativeTarget "Base16 (watchOS)" */ = {
			isa = XCConfigurationList;
			buildConfigurations = (
				C9E75CCD1DDEC87C007CE06D /* Debug */,
				C9E75CCE1DDEC87C007CE06D /* Release */,
			);
			defaultConfigurationIsVisible = 0;
			defaultConfigurationName = Release;
		};
		C9E75CDC1DDF5640007CE06D /* Build configuration list for PBXNativeTarget "Base32 (watchOS)" */ = {
			isa = XCConfigurationList;
			buildConfigurations = (
				C9E75CDA1DDF5640007CE06D /* Debug */,
				C9E75CDB1DDF5640007CE06D /* Release */,
			);
			defaultConfigurationIsVisible = 0;
			defaultConfigurationName = Release;
		};
/* End XCConfigurationList section */
	};
	rootObject = C90A76A61AC7AD5A006875B8 /* Project object */;
}
